{
    "_readme": [
        "This file locks the dependencies of your project to a known state",
        "Read more about it at https://getcomposer.org/doc/01-basic-usage.md#installing-dependencies",
        "This file is @generated automatically"
    ],
    "content-hash": "56fe2bd6e4341a5bcfcce141f7f0403e",
    "packages": [
        {
            "name": "composer/ca-bundle",
            "version": "dev-main",
            "source": {
                "type": "git",
                "url": "https://github.com/composer/ca-bundle.git",
                "reference": "068387cab2f88507f98051c9e3f0a10366966e8c"
            },
            "dist": {
                "type": "zip",
                "url": "https://api.github.com/repos/composer/ca-bundle/zipball/068387cab2f88507f98051c9e3f0a10366966e8c",
                "reference": "068387cab2f88507f98051c9e3f0a10366966e8c",
                "shasum": ""
            },
            "require": {
                "ext-openssl": "*",
                "ext-pcre": "*",
                "php": "^7.2 || ^8.0"
            },
            "require-dev": {
                "phpstan/phpstan": "^1.10",
                "phpunit/phpunit": "^8 || ^9",
                "psr/log": "^1.0 || ^2.0 || ^3.0",
                "symfony/process": "^4.0 || ^5.0 || ^6.0 || ^7.0"
            },
            "default-branch": true,
            "type": "library",
            "extra": {
                "branch-alias": {
                    "dev-main": "1.x-dev"
                }
            },
            "autoload": {
                "psr-4": {
                    "Composer\\CaBundle\\": "src"
                }
            },
            "notification-url": "https://packagist.org/downloads/",
            "license": [
                "MIT"
            ],
            "authors": [
                {
                    "name": "Jordi Boggiano",
                    "email": "j.boggiano@seld.be",
                    "homepage": "http://seld.be"
                }
            ],
            "description": "Lets you find a path to the system CA bundle, and includes a fallback to the Mozilla CA bundle.",
            "keywords": [
                "cabundle",
                "cacert",
                "certificate",
                "ssl",
                "tls"
            ],
            "support": {
                "irc": "irc://irc.freenode.org/composer",
                "issues": "https://github.com/composer/ca-bundle/issues",
                "source": "https://github.com/composer/ca-bundle/tree/main"
            },
            "funding": [
                {
                    "url": "https://packagist.com",
                    "type": "custom"
                },
                {
                    "url": "https://github.com/composer",
                    "type": "github"
                },
                {
                    "url": "https://tidelift.com/funding/github/packagist/composer/composer",
                    "type": "tidelift"
                }
            ],
            "time": "2024-08-23T14:36:22+00:00"
        },
        {
            "name": "composer/installers",
            "version": "1.x-dev",
            "source": {
                "type": "git",
                "url": "https://github.com/composer/installers.git",
                "reference": "894a0b5c5d34c88b69b097f2aae1439730fa6836"
            },
            "dist": {
                "type": "zip",
                "url": "https://api.github.com/repos/composer/installers/zipball/894a0b5c5d34c88b69b097f2aae1439730fa6836",
                "reference": "894a0b5c5d34c88b69b097f2aae1439730fa6836",
                "shasum": ""
            },
            "require": {
                "composer-plugin-api": "^1.0 || ^2.0"
            },
            "replace": {
                "roundcube/plugin-installer": "*",
                "shama/baton": "*"
            },
            "require-dev": {
                "composer/composer": "1.6.* || ^2.0",
                "composer/semver": "^1 || ^3",
                "phpstan/phpstan": "^0.12.55",
                "phpstan/phpstan-phpunit": "^0.12.16",
                "symfony/phpunit-bridge": "^4.2 || ^5",
                "symfony/process": "^2.3"
            },
            "type": "composer-plugin",
            "extra": {
                "class": "Composer\\Installers\\Plugin",
                "branch-alias": {
                    "dev-main": "1.x-dev"
                },
                "plugin-modifies-install-path": true
            },
            "autoload": {
                "psr-4": {
                    "Composer\\Installers\\": "src/Composer/Installers"
                }
            },
            "notification-url": "https://packagist.org/downloads/",
            "license": [
                "MIT"
            ],
            "authors": [
                {
                    "name": "Kyle Robinson Young",
                    "email": "kyle@dontkry.com",
                    "homepage": "https://github.com/shama"
                }
            ],
            "description": "A multi-framework Composer library installer",
            "homepage": "https://composer.github.io/installers/",
            "keywords": [
                "Craft",
                "Dolibarr",
                "Eliasis",
                "Hurad",
                "ImageCMS",
                "Kanboard",
                "Lan Management System",
                "MODX Evo",
                "MantisBT",
                "Mautic",
                "Maya",
                "OXID",
                "Plentymarkets",
                "Porto",
                "RadPHP",
                "SMF",
                "Starbug",
                "Thelia",
                "Whmcs",
                "WolfCMS",
                "agl",
                "aimeos",
                "annotatecms",
                "attogram",
                "bitrix",
                "cakephp",
                "chef",
                "cockpit",
                "codeigniter",
                "concrete5",
                "croogo",
                "dokuwiki",
                "drupal",
                "eZ Platform",
                "elgg",
                "expressionengine",
                "fuelphp",
                "grav",
                "installer",
                "itop",
                "joomla",
                "known",
                "kohana",
                "laravel",
                "lavalite",
                "lithium",
                "magento",
                "majima",
                "mako",
                "mediawiki",
                "miaoxing",
                "modulework",
                "modx",
                "moodle",
                "osclass",
                "pantheon",
                "phpbb",
                "piwik",
                "ppi",
                "processwire",
                "puppet",
                "pxcms",
                "reindex",
                "roundcube",
                "shopware",
                "silverstripe",
                "sydes",
                "sylius",
                "symfony",
                "tastyigniter",
                "typo3",
                "wordpress",
                "yawik",
                "zend",
                "zikula"
            ],
            "support": {
                "issues": "https://github.com/composer/installers/issues",
                "source": "https://github.com/composer/installers/tree/1.x"
            },
            "funding": [
                {
                    "url": "https://packagist.com",
                    "type": "custom"
                },
                {
                    "url": "https://github.com/composer",
                    "type": "github"
                },
                {
                    "url": "https://tidelift.com/funding/github/packagist/composer/composer",
                    "type": "tidelift"
                }
            ],
            "time": "2022-03-15T21:23:54+00:00"
        },
        {
            "name": "geoip2/geoip2",
            "version": "v3.0.0",
            "source": {
                "type": "git",
                "url": "https://github.com/maxmind/GeoIP2-php.git",
                "reference": "1a802ce9356cdd1c6b681c030fd9563750e11e6a"
            },
            "dist": {
                "type": "zip",
                "url": "https://api.github.com/repos/maxmind/GeoIP2-php/zipball/1a802ce9356cdd1c6b681c030fd9563750e11e6a",
                "reference": "1a802ce9356cdd1c6b681c030fd9563750e11e6a",
                "shasum": ""
            },
            "require": {
                "ext-json": "*",
                "maxmind-db/reader": "^1.11.1",
                "maxmind/web-service-common": "~0.8",
                "php": ">=8.1"
            },
            "require-dev": {
                "friendsofphp/php-cs-fixer": "3.*",
                "phpstan/phpstan": "*",
                "phpunit/phpunit": "^10.0",
                "squizlabs/php_codesniffer": "3.*"
            },
            "type": "library",
            "autoload": {
                "psr-4": {
                    "GeoIp2\\": "src"
                }
            },
            "notification-url": "https://packagist.org/downloads/",
            "license": [
                "Apache-2.0"
            ],
            "authors": [
                {
                    "name": "Gregory J. Oschwald",
                    "email": "goschwald@maxmind.com",
                    "homepage": "https://www.maxmind.com/"
                }
            ],
            "description": "MaxMind GeoIP2 PHP API",
            "homepage": "https://github.com/maxmind/GeoIP2-php",
            "keywords": [
                "IP",
                "geoip",
                "geoip2",
                "geolocation",
                "maxmind"
            ],
            "support": {
                "issues": "https://github.com/maxmind/GeoIP2-php/issues",
                "source": "https://github.com/maxmind/GeoIP2-php/tree/v3.0.0"
            },
            "time": "2023-12-04T17:16:34+00:00"
        },
        {
            "name": "guzzle/guzzle",
            "version": "dev-master",
            "source": {
                "type": "git",
                "url": "https://github.com/guzzle/guzzle3.git",
                "reference": "f7778ed85e3db90009d79725afd6c3a82dab32fe"
            },
            "dist": {
                "type": "zip",
                "url": "https://api.github.com/repos/guzzle/guzzle3/zipball/f7778ed85e3db90009d79725afd6c3a82dab32fe",
                "reference": "f7778ed85e3db90009d79725afd6c3a82dab32fe",
                "shasum": ""
            },
            "require": {
                "ext-curl": "*",
                "php": ">=5.3.3",
                "symfony/event-dispatcher": "~2.1"
            },
            "replace": {
                "guzzle/batch": "self.version",
                "guzzle/cache": "self.version",
                "guzzle/common": "self.version",
                "guzzle/http": "self.version",
                "guzzle/inflection": "self.version",
                "guzzle/iterator": "self.version",
                "guzzle/log": "self.version",
                "guzzle/parser": "self.version",
                "guzzle/plugin": "self.version",
                "guzzle/plugin-async": "self.version",
                "guzzle/plugin-backoff": "self.version",
                "guzzle/plugin-cache": "self.version",
                "guzzle/plugin-cookie": "self.version",
                "guzzle/plugin-curlauth": "self.version",
                "guzzle/plugin-error-response": "self.version",
                "guzzle/plugin-history": "self.version",
                "guzzle/plugin-log": "self.version",
                "guzzle/plugin-md5": "self.version",
                "guzzle/plugin-mock": "self.version",
                "guzzle/plugin-oauth": "self.version",
                "guzzle/service": "self.version",
                "guzzle/stream": "self.version"
            },
            "require-dev": {
                "doctrine/cache": "~1.3",
                "monolog/monolog": "~1.0",
                "phpunit/phpunit": "3.7.*",
                "psr/log": "~1.0",
                "symfony/class-loader": "~2.1",
                "zendframework/zend-cache": "2.*,<2.3",
                "zendframework/zend-log": "2.*,<2.3"
            },
            "suggest": {
                "guzzlehttp/guzzle": "Guzzle 5 has moved to a new package name. The package you have installed, Guzzle 3, is deprecated."
            },
            "type": "library",
            "extra": {
                "branch-alias": {
                    "dev-master": "3.9-dev"
                }
            },
            "autoload": {
                "psr-0": {
                    "Guzzle": "src/",
                    "Guzzle\\Tests": "tests/"
                }
            },
            "notification-url": "https://packagist.org/downloads/",
            "license": [
                "MIT"
            ],
            "authors": [
                {
                    "name": "Michael Dowling",
                    "email": "mtdowling@gmail.com",
                    "homepage": "https://github.com/mtdowling"
                },
                {
                    "name": "Guzzle Community",
                    "homepage": "https://github.com/guzzle/guzzle/contributors"
                }
            ],
            "description": "PHP HTTP client. This library is deprecated in favor of https://packagist.org/packages/guzzlehttp/guzzle",
            "homepage": "http://guzzlephp.org/",
            "keywords": [
                "client",
                "curl",
                "framework",
                "http",
                "http client",
                "rest",
                "web service"
            ],
            "support": {
                "issues": "https://github.com/guzzle/guzzle3/issues",
                "source": "https://github.com/guzzle/guzzle3/tree/master"
            },
            "abandoned": "guzzlehttp/guzzle",
            "time": "2016-10-26T18:22:07+00:00"
        },
        {
            "name": "maxmind-db/reader",
            "version": "v1.11.1",
            "source": {
                "type": "git",
                "url": "https://github.com/maxmind/MaxMind-DB-Reader-php.git",
                "reference": "1e66f73ffcf25e17c7a910a1317e9720a95497c7"
            },
            "dist": {
                "type": "zip",
                "url": "https://api.github.com/repos/maxmind/MaxMind-DB-Reader-php/zipball/1e66f73ffcf25e17c7a910a1317e9720a95497c7",
                "reference": "1e66f73ffcf25e17c7a910a1317e9720a95497c7",
                "shasum": ""
            },
            "require": {
                "php": ">=7.2"
            },
            "conflict": {
                "ext-maxminddb": "<1.11.1,>=2.0.0"
            },
            "require-dev": {
                "friendsofphp/php-cs-fixer": "3.*",
                "php-coveralls/php-coveralls": "^2.1",
                "phpstan/phpstan": "*",
                "phpunit/phpcov": ">=6.0.0",
                "phpunit/phpunit": ">=8.0.0,<10.0.0",
                "squizlabs/php_codesniffer": "3.*"
            },
            "suggest": {
                "ext-bcmath": "bcmath or gmp is required for decoding larger integers with the pure PHP decoder",
                "ext-gmp": "bcmath or gmp is required for decoding larger integers with the pure PHP decoder",
                "ext-maxminddb": "A C-based database decoder that provides significantly faster lookups"
            },
            "type": "library",
            "autoload": {
                "psr-4": {
                    "MaxMind\\Db\\": "src/MaxMind/Db"
                }
            },
            "notification-url": "https://packagist.org/downloads/",
            "license": [
                "Apache-2.0"
            ],
            "authors": [
                {
                    "name": "Gregory J. Oschwald",
                    "email": "goschwald@maxmind.com",
                    "homepage": "https://www.maxmind.com/"
                }
            ],
            "description": "MaxMind DB Reader API",
            "homepage": "https://github.com/maxmind/MaxMind-DB-Reader-php",
            "keywords": [
                "database",
                "geoip",
                "geoip2",
                "geolocation",
                "maxmind"
            ],
            "support": {
                "issues": "https://github.com/maxmind/MaxMind-DB-Reader-php/issues",
                "source": "https://github.com/maxmind/MaxMind-DB-Reader-php/tree/v1.11.1"
            },
            "time": "2023-12-02T00:09:23+00:00"
        },
        {
            "name": "maxmind/web-service-common",
            "version": "v0.9.0",
            "source": {
                "type": "git",
                "url": "https://github.com/maxmind/web-service-common-php.git",
                "reference": "4dc5a3e8df38aea4ca3b1096cee3a038094e9b53"
            },
            "dist": {
                "type": "zip",
                "url": "https://api.github.com/repos/maxmind/web-service-common-php/zipball/4dc5a3e8df38aea4ca3b1096cee3a038094e9b53",
                "reference": "4dc5a3e8df38aea4ca3b1096cee3a038094e9b53",
                "shasum": ""
            },
            "require": {
                "composer/ca-bundle": "^1.0.3",
                "ext-curl": "*",
                "ext-json": "*",
                "php": ">=7.2"
            },
            "require-dev": {
                "friendsofphp/php-cs-fixer": "3.*",
                "phpstan/phpstan": "*",
                "phpunit/phpunit": "^8.0 || ^9.0",
                "squizlabs/php_codesniffer": "3.*"
            },
            "type": "library",
            "autoload": {
                "psr-4": {
                    "MaxMind\\Exception\\": "src/Exception",
                    "MaxMind\\WebService\\": "src/WebService"
                }
            },
            "notification-url": "https://packagist.org/downloads/",
            "license": [
                "Apache-2.0"
            ],
            "authors": [
                {
                    "name": "Gregory Oschwald",
                    "email": "goschwald@maxmind.com"
                }
            ],
            "description": "Internal MaxMind Web Service API",
            "homepage": "https://github.com/maxmind/web-service-common-php",
            "support": {
                "issues": "https://github.com/maxmind/web-service-common-php/issues",
                "source": "https://github.com/maxmind/web-service-common-php/tree/v0.9.0"
            },
            "time": "2022-03-28T17:43:20+00:00"
        },
        {
            "name": "october/system",
            "version": "1.1.x-dev",
            "source": {
                "type": "git",
                "url": "https://github.com/octoberrain/system.git",
                "reference": "cffaaaf12075302089995fd795677a16bef94787"
            },
            "dist": {
                "type": "zip",
                "url": "https://api.github.com/repos/octoberrain/system/zipball/cffaaaf12075302089995fd795677a16bef94787",
                "reference": "cffaaaf12075302089995fd795677a16bef94787",
                "shasum": ""
            },
            "require": {
                "composer/installers": "~1.0",
                "php": ">=7.2"
            },
            "type": "october-module",
            "extra": {
                "branch-alias": {
                    "dev-master": "1.0-dev"
                }
            },
            "autoload": {
                "psr-4": {
                    "System\\": ""
                }
            },
            "notification-url": "https://packagist.org/downloads/",
            "license": [
                "MIT"
            ],
            "authors": [
                {
                    "name": "Alexey Bobkov",
                    "email": "aleksey.bobkov@gmail.com",
                    "role": "Co-founder"
                },
                {
                    "name": "Samuel Georges",
                    "email": "daftspunky@gmail.com",
                    "role": "Co-founder"
                }
            ],
            "description": "System module for October CMS",
            "homepage": "https://octobercms.com",
            "keywords": [
                "october",
                "october cms",
                "system"
            ],
            "support": {
                "source": "https://github.com/octoberrain/system/tree/1.1"
            },
            "time": "2022-02-20T01:54:45+00:00"
        },
        {
            "name": "symfony/event-dispatcher",
            "version": "2.8.x-dev",
            "source": {
                "type": "git",
                "url": "https://github.com/symfony/event-dispatcher.git",
                "reference": "a77e974a5fecb4398833b0709210e3d5e334ffb0"
            },
            "dist": {
                "type": "zip",
                "url": "https://api.github.com/repos/symfony/event-dispatcher/zipball/a77e974a5fecb4398833b0709210e3d5e334ffb0",
                "reference": "a77e974a5fecb4398833b0709210e3d5e334ffb0",
                "shasum": ""
            },
            "require": {
                "php": ">=5.3.9"
            },
            "require-dev": {
                "psr/log": "~1.0",
                "symfony/config": "^2.0.5|~3.0.0",
                "symfony/dependency-injection": "~2.6|~3.0.0",
                "symfony/expression-language": "~2.6|~3.0.0",
                "symfony/stopwatch": "~2.3|~3.0.0"
            },
            "suggest": {
                "symfony/dependency-injection": "",
                "symfony/http-kernel": ""
            },
            "type": "library",
            "extra": {
                "branch-alias": {
                    "dev-master": "2.8-dev"
                }
            },
            "autoload": {
                "psr-4": {
                    "Symfony\\Component\\EventDispatcher\\": ""
                },
                "exclude-from-classmap": [
                    "/Tests/"
                ]
            },
            "notification-url": "https://packagist.org/downloads/",
            "license": [
                "MIT"
            ],
            "authors": [
                {
                    "name": "Fabien Potencier",
                    "email": "fabien@symfony.com"
                },
                {
                    "name": "Symfony Community",
                    "homepage": "https://symfony.com/contributors"
                }
            ],
            "description": "Symfony EventDispatcher Component",
            "homepage": "https://symfony.com",
            "support": {
                "source": "https://github.com/symfony/event-dispatcher/tree/2.8"
            },
            "time": "2018-11-21T14:20:20+00:00"
        }
    ],
    "packages-dev": [],
    "aliases": [],
    "minimum-stability": "dev",
    "stability-flags": [],
    "prefer-stable": false,
    "prefer-lowest": false,
    "platform": [],
    "platform-dev": [],
    "plugin-api-version": "2.6.0"
}
